
Microsoft Visual Studio Solution File, Format Version 12.00
# Visual Studio Version 16
VisualStudioVersion = 16.0.29920.165
MinimumVisualStudioVersion = 10.0.40219.1
Project("{FAE04EC0-301F-11D3-BF4B-00C04F79EFBC}") = "FlickrClient", "FlickrClient\FlickrClient.csproj", "{BA95593F-9689-481A-89CF-10F4AAE158FF}"
EndProject
Global
	GlobalSection(SolutionConfigurationPlatforms) = preSolution
		Debug|Any CPU = Debug|Any CPU
		Release|Any CPU = Release|Any CPU
	EndGlobalSection
	GlobalSection(ProjectConfigurationPlatforms) = postSolution
		{BA95593F-9689-481A-89CF-10F4AAE158FF}.Debug|Any CPU.ActiveCfg = Debug|Any CPU
		{BA95593F-9689-481A-89CF-10F4AAE158FF}.Debug|Any CPU.Build.0 = Debug|Any CPU
		{BA95593F-9689-481A-89CF-10F4AAE158FF}.Release|Any CPU.ActiveCfg = Release|Any CPU
		{BA95593F-9689-481A-89CF-10F4AAE158FF}.Release|Any CPU.Build.0 = Release|Any CPU
	EndGlobalSection
	GlobalSection(SolutionProperties) = preSolution
		HideSolutionNode = FALSE
	EndGlobalSection
	GlobalSection(ExtensibilityGlobals) = postSolution
		SolutionGuid = {87E60211-E571-4A20-B1C5-8C2DC672F469}
	EndGlobalSection
EndGlobal
